
Microsoft Visual Studio Solution File, Format Version 12.00
# Visual Studio Version 17
VisualStudioVersion = 17.14.36518.9
MinimumVisualStudioVersion = 10.0.40219.1
Project("{888888A0-9F3D-457C-B088-3A5042F75D52}") = "Task1", "Task1.pyproj", "{1CB3BF62-E2D1-43B5-B94A-7E70C4CE3614}"
EndProject
Project("{888888A0-9F3D-457C-B088-3A5042F75D52}") = "task2", "lesson_1\task2\task2.pyproj", "{514B573F-0FBF-4FE3-92E9-E94AB6D5AF1E}"
EndProject
Project("{888888A0-9F3D-457C-B088-3A5042F75D52}") = "task3", "lesson_1\task3\task3.pyproj", "{212346F3-DF92-4D3D-B15F-3D61211CA2E3}"
EndProject
Project("{888888A0-9F3D-457C-B088-3A5042F75D52}") = "task4", "lesson_1\task4\task4.pyproj", "{C5F93869-462E-40FB-B405-36ADF6A4EBCF}"
EndProject
Project("{888888A0-9F3D-457C-B088-3A5042F75D52}") = "task5", "lesson_1\task5\task5.pyproj", "{EDDADE88-FCE7-40B5-91B9-3C19D2BF8934}"
EndProject
Project("{888888A0-9F3D-457C-B088-3A5042F75D52}") = "task6", "lesson_1\task6\task6.pyproj", "{8A727141-E3C9-488A-90A3-B3062CC759BD}"
EndProject
Project("{888888A0-9F3D-457C-B088-3A5042F75D52}") = "task7", "lesson_1\task7\task7.pyproj", "{4B0AE642-255A-482D-8375-34C2302CAACD}"
EndProject
Project("{888888A0-9F3D-457C-B088-3A5042F75D52}") = "task8", "lesson_1\task8\task8.pyproj", "{06AE661D-68D2-408E-BFA4-5D0EF5338C4A}"
EndProject
Project("{888888A0-9F3D-457C-B088-3A5042F75D52}") = "task9", "lesson_1\task9\task9.pyproj", "{34417F99-9BAE-4F67-94DD-21898363B871}"
EndProject
Project("{888888A0-9F3D-457C-B088-3A5042F75D52}") = "task10", "lesson_1\task10\task10.pyproj", "{14FC7AF0-28A5-43E5-B9ED-6AA6790E59F8}"
EndProject
Project("{888888A0-9F3D-457C-B088-3A5042F75D52}") = "Task11", "lesson_1\Task11\Task11.pyproj", "{ED025A77-0A39-499D-93C1-8F847493C545}"
EndProject
Project("{888888A0-9F3D-457C-B088-3A5042F75D52}") = "Task12", "lesson_1\Task12\Task12.pyproj", "{ABB9F549-0148-4761-B41C-83EA4F8AFEB7}"
EndProject
Project("{888888A0-9F3D-457C-B088-3A5042F75D52}") = "Task13", "lesson_1\Task13\Task13.pyproj", "{958A732E-D63C-4930-BF90-75B7D50266CF}"
EndProject
Global
	GlobalSection(SolutionConfigurationPlatforms) = preSolution
		Debug|Any CPU = Debug|Any CPU
		Release|Any CPU = Release|Any CPU
	EndGlobalSection
	GlobalSection(ProjectConfigurationPlatforms) = postSolution
		{1CB3BF62-E2D1-43B5-B94A-7E70C4CE3614}.Debug|Any CPU.ActiveCfg = Debug|Any CPU
		{1CB3BF62-E2D1-43B5-B94A-7E70C4CE3614}.Release|Any CPU.ActiveCfg = Release|Any CPU
		{514B573F-0FBF-4FE3-92E9-E94AB6D5AF1E}.Debug|Any CPU.ActiveCfg = Debug|Any CPU
		{514B573F-0FBF-4FE3-92E9-E94AB6D5AF1E}.Release|Any CPU.ActiveCfg = Release|Any CPU
		{212346F3-DF92-4D3D-B15F-3D61211CA2E3}.Debug|Any CPU.ActiveCfg = Debug|Any CPU
		{212346F3-DF92-4D3D-B15F-3D61211CA2E3}.Release|Any CPU.ActiveCfg = Release|Any CPU
		{C5F93869-462E-40FB-B405-36ADF6A4EBCF}.Debug|Any CPU.ActiveCfg = Debug|Any CPU
		{C5F93869-462E-40FB-B405-36ADF6A4EBCF}.Release|Any CPU.ActiveCfg = Release|Any CPU
		{EDDADE88-FCE7-40B5-91B9-3C19D2BF8934}.Debug|Any CPU.ActiveCfg = Debug|Any CPU
		{EDDADE88-FCE7-40B5-91B9-3C19D2BF8934}.Release|Any CPU.ActiveCfg = Release|Any CPU
		{8A727141-E3C9-488A-90A3-B3062CC759BD}.Debug|Any CPU.ActiveCfg = Debug|Any CPU
		{8A727141-E3C9-488A-90A3-B3062CC759BD}.Release|Any CPU.ActiveCfg = Release|Any CPU
		{4B0AE642-255A-482D-8375-34C2302CAACD}.Debug|Any CPU.ActiveCfg = Debug|Any CPU
		{4B0AE642-255A-482D-8375-34C2302CAACD}.Release|Any CPU.ActiveCfg = Release|Any CPU
		{06AE661D-68D2-408E-BFA4-5D0EF5338C4A}.Debug|Any CPU.ActiveCfg = Debug|Any CPU
		{06AE661D-68D2-408E-BFA4-5D0EF5338C4A}.Release|Any CPU.ActiveCfg = Release|Any CPU
		{34417F99-9BAE-4F67-94DD-21898363B871}.Debug|Any CPU.ActiveCfg = Debug|Any CPU
		{34417F99-9BAE-4F67-94DD-21898363B871}.Release|Any CPU.ActiveCfg = Release|Any CPU
		{14FC7AF0-28A5-43E5-B9ED-6AA6790E59F8}.Debug|Any CPU.ActiveCfg = Debug|Any CPU
		{14FC7AF0-28A5-43E5-B9ED-6AA6790E59F8}.Release|Any CPU.ActiveCfg = Release|Any CPU
		{ED025A77-0A39-499D-93C1-8F847493C545}.Debug|Any CPU.ActiveCfg = Debug|Any CPU
		{ED025A77-0A39-499D-93C1-8F847493C545}.Release|Any CPU.ActiveCfg = Release|Any CPU
		{ABB9F549-0148-4761-B41C-83EA4F8AFEB7}.Debug|Any CPU.ActiveCfg = Debug|Any CPU
		{ABB9F549-0148-4761-B41C-83EA4F8AFEB7}.Release|Any CPU.ActiveCfg = Release|Any CPU
		{958A732E-D63C-4930-BF90-75B7D50266CF}.Debug|Any CPU.ActiveCfg = Debug|Any CPU
		{958A732E-D63C-4930-BF90-75B7D50266CF}.Release|Any CPU.ActiveCfg = Release|Any CPU
	EndGlobalSection
	GlobalSection(SolutionProperties) = preSolution
		HideSolutionNode = FALSE
	EndGlobalSection
	GlobalSection(ExtensibilityGlobals) = postSolution
		SolutionGuid = {7964F05D-4B66-4240-AA0C-51DE3778FFAD}
	EndGlobalSection
EndGlobal
