
Microsoft Visual Studio Solution File, Format Version 12.00
# Visual Studio Version 17
VisualStudioVersion = 17.14.36518.9 d17.14
MinimumVisualStudioVersion = 10.0.40219.1
Project("{888888A0-9F3D-457C-B088-3A5042F75D52}") = "Task14", "Task14.pyproj", "{888C38FE-4AF4-4DED-915F-18BBF88E66EB}"
EndProject
Global
	GlobalSection(SolutionConfigurationPlatforms) = preSolution
		Debug|Any CPU = Debug|Any CPU
		Release|Any CPU = Release|Any CPU
	EndGlobalSection
	GlobalSection(ProjectConfigurationPlatforms) = postSolution
		{888C38FE-4AF4-4DED-915F-18BBF88E66EB}.Debug|Any CPU.ActiveCfg = Debug|Any CPU
		{888C38FE-4AF4-4DED-915F-18BBF88E66EB}.Release|Any CPU.ActiveCfg = Release|Any CPU
	EndGlobalSection
	GlobalSection(SolutionProperties) = preSolution
		HideSolutionNode = FALSE
	EndGlobalSection
	GlobalSection(ExtensibilityGlobals) = postSolution
		SolutionGuid = {64C2B768-BC45-4A09-952F-10D4B88DDAEB}
	EndGlobalSection
EndGlobal
